
Microsoft Visual Studio Solution File, Format Version 12.00
# Visual Studio Version 16
VisualStudioVersion = 16.0.29102.190
MinimumVisualStudioVersion = 10.0.40219.1
Project("{FAE04EC0-301F-11D3-BF4B-00C04F79EFBC}") = "StudentSystem.Models", "StudentSystem.Models\StudentSystem.Models.csproj", "{0550FB44-9C7C-4AA6-AC50-930ECD28DA52}"
EndProject
Project("{FAE04EC0-301F-11D3-BF4B-00C04F79EFBC}") = "StudentSystem.IDAL", "StudentSystem.IDAL\StudentSystem.IDAL.csproj", "{06EF73A8-864E-41F8-9A11-8C7DA4E1C2F8}"
EndProject
Project("{FAE04EC0-301F-11D3-BF4B-00C04F79EFBC}") = "StudentSystem.DAL", "StudentSystem.DAL\StudentSystem.DAL.csproj", "{B2E58AD2-7CDA-4A89-AFBC-EEBA6CA2150E}"
EndProject
Project("{FAE04EC0-301F-11D3-BF4B-00C04F79EFBC}") = "StudentSystem.IBLL", "StudentSystem.IBLL\StudentSystem.IBLL.csproj", "{1272E134-1DE0-4FA3-87DC-5F1339C7903B}"
EndProject
Project("{FAE04EC0-301F-11D3-BF4B-00C04F79EFBC}") = "StudentSystem.BLL", "StudentSystem.BLL\StudentSystem.BLL.csproj", "{FDB21A25-F3B0-4AB3-9D06-F3164DC50243}"
EndProject
Project("{2150E333-8FDC-42A3-9474-1A3956D46DE8}") = "UI", "UI", "{77D2B6C5-3E0D-4CD7-B619-F17ED9CB7820}"
EndProject
Project("{FAE04EC0-301F-11D3-BF4B-00C04F79EFBC}") = "StudentSystem.Mvc", "StudentSystem.Mvc\StudentSystem.Mvc.csproj", "{B4179901-E5A3-4F03-9597-EFEC6B8256C6}"
EndProject
Project("{FAE04EC0-301F-11D3-BF4B-00C04F79EFBC}") = "StudentSystem.WebApi", "StudentSystem.WebApi\StudentSystem.WebApi.csproj", "{C84B4F8C-FB63-4924-86C8-CC3F2737A208}"
EndProject
Project("{FAE04EC0-301F-11D3-BF4B-00C04F79EFBC}") = "StudentSystem.DTO", "StudentSystem.DTO\StudentSystem.DTO.csproj", "{17B5BFCC-2182-47EB-8BAB-2BA43A9A17DE}"
EndProject
Global
	GlobalSection(SolutionConfigurationPlatforms) = preSolution
		Debug|Any CPU = Debug|Any CPU
		Release|Any CPU = Release|Any CPU
	EndGlobalSection
	GlobalSection(ProjectConfigurationPlatforms) = postSolution
		{0550FB44-9C7C-4AA6-AC50-930ECD28DA52}.Debug|Any CPU.ActiveCfg = Debug|Any CPU
		{0550FB44-9C7C-4AA6-AC50-930ECD28DA52}.Debug|Any CPU.Build.0 = Debug|Any CPU
		{0550FB44-9C7C-4AA6-AC50-930ECD28DA52}.Release|Any CPU.ActiveCfg = Release|Any CPU
		{0550FB44-9C7C-4AA6-AC50-930ECD28DA52}.Release|Any CPU.Build.0 = Release|Any CPU
		{06EF73A8-864E-41F8-9A11-8C7DA4E1C2F8}.Debug|Any CPU.ActiveCfg = Debug|Any CPU
		{06EF73A8-864E-41F8-9A11-8C7DA4E1C2F8}.Debug|Any CPU.Build.0 = Debug|Any CPU
		{06EF73A8-864E-41F8-9A11-8C7DA4E1C2F8}.Release|Any CPU.ActiveCfg = Release|Any CPU
		{06EF73A8-864E-41F8-9A11-8C7DA4E1C2F8}.Release|Any CPU.Build.0 = Release|Any CPU
		{B2E58AD2-7CDA-4A89-AFBC-EEBA6CA2150E}.Debug|Any CPU.ActiveCfg = Debug|Any CPU
		{B2E58AD2-7CDA-4A89-AFBC-EEBA6CA2150E}.Debug|Any CPU.Build.0 = Debug|Any CPU
		{B2E58AD2-7CDA-4A89-AFBC-EEBA6CA2150E}.Release|Any CPU.ActiveCfg = Release|Any CPU
		{B2E58AD2-7CDA-4A89-AFBC-EEBA6CA2150E}.Release|Any CPU.Build.0 = Release|Any CPU
		{1272E134-1DE0-4FA3-87DC-5F1339C7903B}.Debug|Any CPU.ActiveCfg = Debug|Any CPU
		{1272E134-1DE0-4FA3-87DC-5F1339C7903B}.Debug|Any CPU.Build.0 = Debug|Any CPU
		{1272E134-1DE0-4FA3-87DC-5F1339C7903B}.Release|Any CPU.ActiveCfg = Release|Any CPU
		{1272E134-1DE0-4FA3-87DC-5F1339C7903B}.Release|Any CPU.Build.0 = Release|Any CPU
		{FDB21A25-F3B0-4AB3-9D06-F3164DC50243}.Debug|Any CPU.ActiveCfg = Debug|Any CPU
		{FDB21A25-F3B0-4AB3-9D06-F3164DC50243}.Debug|Any CPU.Build.0 = Debug|Any CPU
		{FDB21A25-F3B0-4AB3-9D06-F3164DC50243}.Release|Any CPU.ActiveCfg = Release|Any CPU
		{FDB21A25-F3B0-4AB3-9D06-F3164DC50243}.Release|Any CPU.Build.0 = Release|Any CPU
		{B4179901-E5A3-4F03-9597-EFEC6B8256C6}.Debug|Any CPU.ActiveCfg = Debug|Any CPU
		{B4179901-E5A3-4F03-9597-EFEC6B8256C6}.Debug|Any CPU.Build.0 = Debug|Any CPU
		{B4179901-E5A3-4F03-9597-EFEC6B8256C6}.Release|Any CPU.ActiveCfg = Release|Any CPU
		{B4179901-E5A3-4F03-9597-EFEC6B8256C6}.Release|Any CPU.Build.0 = Release|Any CPU
		{C84B4F8C-FB63-4924-86C8-CC3F2737A208}.Debug|Any CPU.ActiveCfg = Debug|Any CPU
		{C84B4F8C-FB63-4924-86C8-CC3F2737A208}.Debug|Any CPU.Build.0 = Debug|Any CPU
		{C84B4F8C-FB63-4924-86C8-CC3F2737A208}.Release|Any CPU.ActiveCfg = Release|Any CPU
		{C84B4F8C-FB63-4924-86C8-CC3F2737A208}.Release|Any CPU.Build.0 = Release|Any CPU
		{17B5BFCC-2182-47EB-8BAB-2BA43A9A17DE}.Debug|Any CPU.ActiveCfg = Debug|Any CPU
		{17B5BFCC-2182-47EB-8BAB-2BA43A9A17DE}.Debug|Any CPU.Build.0 = Debug|Any CPU
		{17B5BFCC-2182-47EB-8BAB-2BA43A9A17DE}.Release|Any CPU.ActiveCfg = Release|Any CPU
		{17B5BFCC-2182-47EB-8BAB-2BA43A9A17DE}.Release|Any CPU.Build.0 = Release|Any CPU
	EndGlobalSection
	GlobalSection(SolutionProperties) = preSolution
		HideSolutionNode = FALSE
	EndGlobalSection
	GlobalSection(NestedProjects) = preSolution
		{B4179901-E5A3-4F03-9597-EFEC6B8256C6} = {77D2B6C5-3E0D-4CD7-B619-F17ED9CB7820}
		{C84B4F8C-FB63-4924-86C8-CC3F2737A208} = {77D2B6C5-3E0D-4CD7-B619-F17ED9CB7820}
	EndGlobalSection
	GlobalSection(ExtensibilityGlobals) = postSolution
		SolutionGuid = {E7F8554E-F94B-4CDE-9B1A-C9065E333AD9}
	EndGlobalSection
EndGlobal
